
Microsoft Visual Studio Solution File, Format Version 12.00
# Visual Studio Version 17
VisualStudioVersion = 17.10.34928.147
MinimumVisualStudioVersion = 10.0.40219.1
Project("{FAE04EC0-301F-11D3-BF4B-00C04F79EFBC}") = "milestone3library", "milestone3library\milestone3library.csproj", "{5C1907AA-E83B-4834-81C0-8649E2AD8757}"
EndProject
Global
	GlobalSection(SolutionConfigurationPlatforms) = preSolution
		Debug|Any CPU = Debug|Any CPU
		Release|Any CPU = Release|Any CPU
	EndGlobalSection
	GlobalSection(ProjectConfigurationPlatforms) = postSolution
		{5C1907AA-E83B-4834-81C0-8649E2AD8757}.Debug|Any CPU.ActiveCfg = Debug|Any CPU
		{5C1907AA-E83B-4834-81C0-8649E2AD8757}.Debug|Any CPU.Build.0 = Debug|Any CPU
		{5C1907AA-E83B-4834-81C0-8649E2AD8757}.Release|Any CPU.ActiveCfg = Release|Any CPU
		{5C1907AA-E83B-4834-81C0-8649E2AD8757}.Release|Any CPU.Build.0 = Release|Any CPU
	EndGlobalSection
	GlobalSection(SolutionProperties) = preSolution
		HideSolutionNode = FALSE
	EndGlobalSection
	GlobalSection(ExtensibilityGlobals) = postSolution
		SolutionGuid = {527A399C-F577-4791-808D-AD13B92C0AD1}
	EndGlobalSection
EndGlobal
